// !$*UTF8*$!
{
	archiveVersion = 1;
	classes = {
	};
	objectVersion = 46;
	objects = {

/* Begin PBXBuildFile section */
		1C300DF21C24FAC3000C8B15 /* AppDelegate.swift in Sources */ = {isa = PBXBuildFile; fileRef = 1C300DF11C24FAC3000C8B15 /* AppDelegate.swift */; };
		1C300DF41C24FAC3000C8B15 /* ViewController.swift in Sources */ = {isa = PBXBuildFile; fileRef = 1C300DF31C24FAC3000C8B15 /* ViewController.swift */; };
		1C300DF71C24FAC3000C8B15 /* Main.storyboard in Resources */ = {isa = PBXBuildFile; fileRef = 1C300DF51C24FAC3000C8B15 /* Main.storyboard */; };
		1C300DF91C24FAC3000C8B15 /* Assets.xcassets in Resources */ = {isa = PBXBuildFile; fileRef = 1C300DF81C24FAC3000C8B15 /* Assets.xcassets */; };
		1C300DFC1C24FAC3000C8B15 /* LaunchScreen.storyboard in Resources */ = {isa = PBXBuildFile; fileRef = 1C300DFA1C24FAC3000C8B15 /* LaunchScreen.storyboard */; };
/* End PBXBuildFile section */

/* Begin PBXFileReference section */
		1C300DEE1C24FAC3000C8B15 /* TaskList.app */ = {isa = PBXFileReference; explicitFileType = wrapper.application; includeInIndex = 0; path = TaskList.app; sourceTree = BUILT_PRODUCTS_DIR; };
		1C300DF11C24FAC3000C8B15 /* AppDelegate.swift */ = {isa = PBXFileReference; lastKnownFileType = sourcecode.swift; path = AppDelegate.swift; sourceTree = "<group>"; };
		1C300DF31C24FAC3000C8B15 /* ViewController.swift */ = {isa = PBXFileReference; lastKnownFileType = sourcecode.swift; path = ViewController.swift; sourceTree = "<group>"; };
		1C300DF61C24FAC3000C8B15 /* Base */ = {isa = PBXFileReference; lastKnownFileType = file.storyboard; name = Base; path = Base.lproj/Main.storyboard; sourceTree = "<group>"; };
		1C300DF81C24FAC3000C8B15 /* Assets.xcassets */ = {isa = PBXFileReference; lastKnownFileType = folder.assetcatalog; path = Assets.xcassets; sourceTree = "<group>"; };
		1C300DFB1C24FAC3000C8B15 /* Base */ = {isa = PBXFileReference; lastKnownFileType = file.storyboard; name = Base; path = Base.lproj/LaunchScreen.storyboard; sourceTree = "<group>"; };
		1C300DFD1C24FAC3000C8B15 /* Info.plist */ = {isa = PBXFileReference; lastKnownFileType = text.plist.xml; path = Info.plist; sourceTree = "<group>"; };
/* End PBXFileReference section */

/* Begin PBXFrameworksBuildPhase section */
		1C300DEB1C24FAC3000C8B15 /* Frameworks */ = {
			isa = PBXFrameworksBuildPhase;
			buildActionMask = 2147483647;
			files = (
			);
			runOnlyForDeploymentPostprocessing = 0;
		};
/* End PBXFrameworksBuildPhase section */

/* Begin PBXGroup section */
		1C300DE51C24FAC3000C8B15 = {
			isa = PBXGroup;
			children = (
				1C300DF01C24FAC3000C8B15 /* TaskList */,
				1C300DEF1C24FAC3000C8B15 /* Products */,
			);
			sourceTree = "<group>";
		};
		1C300DEF1C24FAC3000C8B15 /* Products */ = {
			isa = PBXGroup;
			children = (
				1C300DEE1C24FAC3000C8B15 /* TaskList.app */,
			);
			name = Products;
			sourceTree = "<group>";
		};
		1C300DF01C24FAC3000C8B15 /* TaskList */ = {
			isa = PBXGroup;
			children = (
				1C300DF11C24FAC3000C8B15 /* AppDelegate.swift */,
				1C300DF31C24FAC3000C8B15 /* ViewController.swift */,
				1C300DF51C24FAC3000C8B15 /* Main.storyboard */,
				1C300DF81C24FAC3000C8B15 /* Assets.xcassets */,
				1C300DFA1C24FAC3000C8B15 /* LaunchScreen.storyboard */,
				1C300DFD1C24FAC3000C8B15 /* Info.plist */,
			);
			path = TaskList;
			sourceTree = "<group>";
		};
/* End PBXGroup section */

/* Begin PBXNativeTarget section */
		1C300DED1C24FAC3000C8B15 /* TaskList */ = {
			isa = PBXNativeTarget;
			buildConfigurationList = 1C300E001C24FAC3000C8B15 /* Build configuration list for PBXNativeTarget "TaskList" */;
			buildPhases = (
				1C300DEA1C24FAC3000C8B15 /* Sources */,
				1C300DEB1C24FAC3000C8B15 /* Frameworks */,
				1C300DEC1C24FAC3000C8B15 /* Resources */,
			);
			buildRules = (
			);
			dependencies = (
			);
			name = TaskList;
			productName = TaskList;
			productReference = 1C300DEE1C24FAC3000C8B15 /* TaskList.app */;
			productType = "com.apple.product-type.application";
		};
/* End PBXNativeTarget section */

/* Begin PBXProject section */
		1C300DE61C24FAC3000C8B15 /* Project object */ = {
			isa = PBXProject;
			attributes = {
				LastSwiftUpdateCheck = 0710;
				LastUpgradeCheck = 0710;
				ORGANIZATIONNAME = xiexz;
				TargetAttributes = {
					1C300DED1C24FAC3000C8B15 = {
						CreatedOnToolsVersion = 7.1.1;
						DevelopmentTeam = W7T7UP9L9L;
					};
				};
			};
			buildConfigurationList = 1C300DE91C24FAC3000C8B15 /* Build configuration list for PBXProject "TaskList" */;
			compatibilityVersion = "Xcode 3.2";
			developmentRegion = English;
			hasScannedForEncodings = 0;
			knownRegions = (
				en,
				Base,
			);
			mainGroup = 1C300DE51C24FAC3000C8B15;
			productRefGroup = 1C300DEF1C24FAC3000C8B15 /* Products */;
			projectDirPath = "";
			projectRoot = "";
			targets = (
				1C300DED1C24FAC3000C8B15 /* TaskList */,
			);
		};
/* End PBXProject section */

/* Begin PBXResourcesBuildPhase section */
		1C300DEC1C24FAC3000C8B15 /* Resources */ = {
			isa = PBXResourcesBuildPhase;
			buildActionMask = 2147483647;
			files = (
				1C300DFC1C24FAC3000C8B15 /* LaunchScreen.storyboard in Resources */,
				1C300DF91C24FAC3000C8B15 /* Assets.xcassets in Resources */,
				1C300DF71C24FAC3000C8B15 /* Main.storyboard in Resources */,
			);
			runOnlyForDeploymentPostprocessing = 0;
		};
/* End PBXResourcesBuildPhase section */

/* Begin PBXSourcesBuildPhase section */
		1C300DEA1C24FAC3000C8B15 /* Sources */ = {
			isa = PBXSourcesBuildPhase;
			buildActionMask = 2147483647;
			files = (
				1C300DF41C24FAC3000C8B15 /* ViewController.swift in Sources */,
				1C300DF21C24FAC3000C8B15 /* AppDelegate.swift in Sources */,
			);
			runOnlyForDeploymentPostprocessing = 0;
		};
/* End PBXSourcesBuildPhase section */

/* Begin PBXVariantGroup section */
		1C300DF51C24FAC3000C8B15 /* Main.storyboard */ = {
			isa = PBXVariantGroup;
			children = (
				1C300DF61C24FAC3000C8B15 /* Base */,
			);
			name = Main.storyboard;
			sourceTree = "<group>";
		};
		1C300DFA1C24FAC3000C8B15 /* LaunchScreen.storyboard */ = {
			isa = PBXVariantGroup;
			children = (
				1C300DFB1C24FAC3000C8B15 /* Base */,
			);
			name = LaunchScreen.storyboard;
			sourceTree = "<group>";
		};
/* End PBXVariantGroup section */

/* Begin XCBuildConfiguration section */
		1C300DFE1C24FAC3000C8B15 /* Debug */ = {
			isa = XCBuildConfiguration;
			buildSettings = {
				ALWAYS_SEARCH_USER_PATHS = NO;
				CLANG_CXX_LANGUAGE_STANDARD = "gnu++0x";
				CLANG_CXX_LIBRARY = "libc++";
				CLANG_ENABLE_MODULES = YES;
				CLANG_ENABLE_OBJC_ARC = YES;
				CLANG_WARN_BOOL_CONVERSION = YES;
				CLANG_WARN_CONSTANT_CONVERSION = YES;
				CLANG_WARN_DIRECT_OBJC_ISA_USAGE = YES_ERROR;
				CLANG_WARN_EMPTY_BODY = YES;
				CLANG_WARN_ENUM_CONVERSION = YES;
				CLANG_WARN_INT_CONVERSION = YES;
				CLANG_WARN_OBJC_ROOT_CLASS = YES_ERROR;
				CLANG_WARN_UNREACHABLE_CODE = YES;
				CLANG_WARN__DUPLICATE_METHOD_MATCH = YES;
				"CODE_SIGN_IDENTITY[sdk=iphoneos*]" = "iPhone Developer";
				COPY_PHASE_STRIP = NO;
				DEBUG_INFORMATION_FORMAT = dwarf;
				ENABLE_STRICT_OBJC_MSGSEND = YES;
				ENABLE_TESTABILITY = YES;
				GCC_C_LANGUAGE_STANDARD = gnu99;
				GCC_DYNAMIC_NO_PIC = NO;
				GCC_NO_COMMON_BLOCKS = YES;
				GCC_OPTIMIZATION_LEVEL = 0;
				GCC_PREPROCESSOR_DEFINITIONS = (
					"DEBUG=1",
					"$(inherited)",
				);
				GCC_WARN_64_TO_32_BIT_CONVERSION = YES;
				GCC_WARN_ABOUT_RETURN_TYPE = YES_ERROR;
				GCC_WARN_UNDECLARED_SELECTOR = YES;
				GCC_WARN_UNINITIALIZED_AUTOS = YES_AGGRESSIVE;
				GCC_WARN_UNUSED_FUNCTION = YES;
				GCC_WARN_UNUSED_VARIABLE = YES;
				IPHONEOS_DEPLOYMENT_TARGET = 9.1;
				MTL_ENABLE_DEBUG_INFO = YES;
				ONLY_ACTIVE_ARCH = YES;
				SDKROOT = iphoneos;
				SWIFT_OPTIMIZATION_LEVEL = "-Onone";
			};
			name = Debug;
		};
		1C300DFF1C24FAC3000C8B15 /* Release */ = {
			isa = XCBuildConfiguration;
			buildSettings = {
				ALWAYS_SEARCH_USER_PATHS = NO;
				CLANG_CXX_LANGUAGE_STANDARD = "gnu++0x";
				CLANG_CXX_LIBRARY = "libc++";
				CLANG_ENABLE_MODULES = YES;
				CLANG_ENABLE_OBJC_ARC = YES;
				CLANG_WARN_BOOL_CONVERSION = YES;
				CLANG_WARN_CONSTANT_CONVERSION = YES;
				CLANG_WARN_DIRECT_OBJC_ISA_USAGE = YES_ERROR;
				CLANG_WARN_EMPTY_BODY = YES;
				CLANG_WARN_ENUM_CONVERSION = YES;
				CLANG_WARN_INT_CONVERSION = YES;
				CLANG_WARN_OBJC_ROOT_CLASS = YES_ERROR;
				CLANG_WARN_UNREACHABLE_CODE = YES;
				CLANG_WARN__DUPLICATE_METHOD_MATCH = YES;
				"CODE_SIGN_IDENTITY[sdk=iphoneos*]" = "iPhone Developer";
				COPY_PHASE_STRIP = NO;
				DEBUG_INFORMATION_FORMAT = "dwarf-with-dsym";
				ENABLE_NS_ASSERTIONS = NO;
				ENABLE_STRICT_OBJC_MSGSEND = YES;
				GCC_C_LANGUAGE_STANDARD = gnu99;
				GCC_NO_COMMON_BLOCKS = YES;
				GCC_WARN_64_TO_32_BIT_CONVERSION = YES;
				GCC_WARN_ABOUT_RETURN_TYPE = YES_ERROR;
				GCC_WARN_UNDECLARED_SELECTOR = YES;
				GCC_WARN_UNINITIALIZED_AUTOS = YES_AGGRESSIVE;
				GCC_WARN_UNUSED_FUNCTION = YES;
				GCC_WARN_UNUSED_VARIABLE = YES;
				IPHONEOS_DEPLOYMENT_TARGET = 9.1;
				MTL_ENABLE_DEBUG_INFO = NO;
				SDKROOT = iphoneos;
				VALIDATE_PRODUCT = YES;
			};
			name = Release;
		};
		1C300E011C24FAC3000C8B15 /* Debug */ = {
			isa = XCBuildConfiguration;
			buildSettings = {
				ASSETCATALOG_COMPILER_APPICON_NAME = AppIcon;
				INFOPLIST_FILE = TaskList/Info.plist;
				LD_RUNPATH_SEARCH_PATHS = "$(inherited) @executable_path/Frameworks";
				PRODUCT_BUNDLE_IDENTIFIER = xxz.TaskList;
				PRODUCT_NAME = "$(TARGET_NAME)";
			};
			name = Debug;
		};
		1C300E021C24FAC3000C8B15 /* Release */ = {
			isa = XCBuildConfiguration;
			buildSettings = {
				ASSETCATALOG_COMPILER_APPICON_NAME = AppIcon;
				INFOPLIST_FILE = TaskList/Info.plist;
				LD_RUNPATH_SEARCH_PATHS = "$(inherited) @executable_path/Frameworks";
				PRODUCT_BUNDLE_IDENTIFIER = xxz.TaskList;
				PRODUCT_NAME = "$(TARGET_NAME)";
			};
			name = Release;
		};
/* End XCBuildConfiguration section */

/* Begin XCConfigurationList section */
		1C300DE91C24FAC3000C8B15 /* Build configuration list for PBXProject "TaskList" */ = {
			isa = XCConfigurationList;
			buildConfigurations = (
				1C300DFE1C24FAC3000C8B15 /* Debug */,
				1C300DFF1C24FAC3000C8B15 /* Release */,
			);
			defaultConfigurationIsVisible = 0;
			defaultConfigurationName = Release;
		};
		1C300E001C24FAC3000C8B15 /* Build configuration list for PBXNativeTarget "TaskList" */ = {
			isa = XCConfigurationList;
			buildConfigurations = (
				1C300E011C24FAC3000C8B15 /* Debug */,
				1C300E021C24FAC3000C8B15 /* Release */,
			);
			defaultConfigurationIsVisible = 0;
		};
/* End XCConfigurationList section */
	};
	rootObject = 1C300DE61C24FAC3000C8B15 /* Project object */;
}
