// !$*UTF8*$!
{
	archiveVersion = 1;
	classes = {
	};
	objectVersion = 46;
	objects = {

/* Begin PBXBuildFile section */
		1C891E3F1C264C2300B83D24 /* main.m in Sources */ = {isa = PBXBuildFile; fileRef = 1C891E3E1C264C2300B83D24 /* main.m */; };
		1C891E4A1C264C2300B83D24 /* Assets.xcassets in Resources */ = {isa = PBXBuildFile; fileRef = 1C891E491C264C2300B83D24 /* Assets.xcassets */; };
		1C891E4D1C264C2300B83D24 /* LaunchScreen.storyboard in Resources */ = {isa = PBXBuildFile; fileRef = 1C891E4B1C264C2300B83D24 /* LaunchScreen.storyboard */; };
		1C891E8B1C265CC000B83D24 /* IWDiscoverViewController.m in Sources */ = {isa = PBXBuildFile; fileRef = 1C891E6D1C265CC000B83D24 /* IWDiscoverViewController.m */; };
		1C891E8C1C265CC000B83D24 /* IWHomeViewController.m in Sources */ = {isa = PBXBuildFile; fileRef = 1C891E731C265CC000B83D24 /* IWHomeViewController.m */; };
		1C891E8D1C265CC000B83D24 /* IWTabBarViewController.m in Sources */ = {isa = PBXBuildFile; fileRef = 1C891E791C265CC000B83D24 /* IWTabBarViewController.m */; };
		1C891E8E1C265CC000B83D24 /* IWMeViewController.m in Sources */ = {isa = PBXBuildFile; fileRef = 1C891E7F1C265CC000B83D24 /* IWMeViewController.m */; };
		1C891E8F1C265CC000B83D24 /* IWMessageViewController.m in Sources */ = {isa = PBXBuildFile; fileRef = 1C891E851C265CC000B83D24 /* IWMessageViewController.m */; };
		1C891E901C265CC000B83D24 /* AppDelegate.m in Sources */ = {isa = PBXBuildFile; fileRef = 1C891E8A1C265CC000B83D24 /* AppDelegate.m */; };
		1C891E961C26694F00B83D24 /* UIImage+HO.m in Sources */ = {isa = PBXBuildFile; fileRef = 1C891E951C26694F00B83D24 /* UIImage+HO.m */; };
		1C891E991C26744100B83D24 /* IWTabBar.m in Sources */ = {isa = PBXBuildFile; fileRef = 1C891E981C26744100B83D24 /* IWTabBar.m */; };
		1CA293F31C26F72500C8525A /* IWOAuthController.m in Sources */ = {isa = PBXBuildFile; fileRef = 1CA293F21C26F72500C8525A /* IWOAuthController.m */; };
/* End PBXBuildFile section */

/* Begin PBXFileReference section */
		1C891E3A1C264C2300B83D24 /* weibo_1.app */ = {isa = PBXFileReference; explicitFileType = wrapper.application; includeInIndex = 0; path = weibo_1.app; sourceTree = BUILT_PRODUCTS_DIR; };
		1C891E3E1C264C2300B83D24 /* main.m */ = {isa = PBXFileReference; lastKnownFileType = sourcecode.c.objc; path = main.m; sourceTree = "<group>"; };
		1C891E491C264C2300B83D24 /* Assets.xcassets */ = {isa = PBXFileReference; lastKnownFileType = folder.assetcatalog; path = Assets.xcassets; sourceTree = "<group>"; };
		1C891E4C1C264C2300B83D24 /* Base */ = {isa = PBXFileReference; lastKnownFileType = file.storyboard; name = Base; path = Base.lproj/LaunchScreen.storyboard; sourceTree = "<group>"; };
		1C891E4E1C264C2300B83D24 /* Info.plist */ = {isa = PBXFileReference; lastKnownFileType = text.plist.xml; path = Info.plist; sourceTree = "<group>"; };
		1C891E6C1C265CC000B83D24 /* IWDiscoverViewController.h */ = {isa = PBXFileReference; fileEncoding = 4; lastKnownFileType = sourcecode.c.h; path = IWDiscoverViewController.h; sourceTree = "<group>"; };
		1C891E6D1C265CC000B83D24 /* IWDiscoverViewController.m */ = {isa = PBXFileReference; fileEncoding = 4; lastKnownFileType = sourcecode.c.objc; path = IWDiscoverViewController.m; sourceTree = "<group>"; };
		1C891E721C265CC000B83D24 /* IWHomeViewController.h */ = {isa = PBXFileReference; fileEncoding = 4; lastKnownFileType = sourcecode.c.h; path = IWHomeViewController.h; sourceTree = "<group>"; };
		1C891E731C265CC000B83D24 /* IWHomeViewController.m */ = {isa = PBXFileReference; fileEncoding = 4; lastKnownFileType = sourcecode.c.objc; path = IWHomeViewController.m; sourceTree = "<group>"; };
		1C891E781C265CC000B83D24 /* IWTabBarViewController.h */ = {isa = PBXFileReference; fileEncoding = 4; lastKnownFileType = sourcecode.c.h; path = IWTabBarViewController.h; sourceTree = "<group>"; };
		1C891E791C265CC000B83D24 /* IWTabBarViewController.m */ = {isa = PBXFileReference; fileEncoding = 4; lastKnownFileType = sourcecode.c.objc; path = IWTabBarViewController.m; sourceTree = "<group>"; };
		1C891E7E1C265CC000B83D24 /* IWMeViewController.h */ = {isa = PBXFileReference; fileEncoding = 4; lastKnownFileType = sourcecode.c.h; path = IWMeViewController.h; sourceTree = "<group>"; };
		1C891E7F1C265CC000B83D24 /* IWMeViewController.m */ = {isa = PBXFileReference; fileEncoding = 4; lastKnownFileType = sourcecode.c.objc; path = IWMeViewController.m; sourceTree = "<group>"; };
		1C891E841C265CC000B83D24 /* IWMessageViewController.h */ = {isa = PBXFileReference; fileEncoding = 4; lastKnownFileType = sourcecode.c.h; path = IWMessageViewController.h; sourceTree = "<group>"; };
		1C891E851C265CC000B83D24 /* IWMessageViewController.m */ = {isa = PBXFileReference; fileEncoding = 4; lastKnownFileType = sourcecode.c.objc; path = IWMessageViewController.m; sourceTree = "<group>"; };
		1C891E891C265CC000B83D24 /* AppDelegate.h */ = {isa = PBXFileReference; fileEncoding = 4; lastKnownFileType = sourcecode.c.h; path = AppDelegate.h; sourceTree = "<group>"; };
		1C891E8A1C265CC000B83D24 /* AppDelegate.m */ = {isa = PBXFileReference; fileEncoding = 4; lastKnownFileType = sourcecode.c.objc; path = AppDelegate.m; sourceTree = "<group>"; };
		1C891E921C26605900B83D24 /* iOSSample-Prefix.pch */ = {isa = PBXFileReference; lastKnownFileType = sourcecode.c.h; path = "iOSSample-Prefix.pch"; sourceTree = "<group>"; };
		1C891E941C26694F00B83D24 /* UIImage+HO.h */ = {isa = PBXFileReference; fileEncoding = 4; lastKnownFileType = sourcecode.c.h; path = "UIImage+HO.h"; sourceTree = "<group>"; };
		1C891E951C26694F00B83D24 /* UIImage+HO.m */ = {isa = PBXFileReference; fileEncoding = 4; lastKnownFileType = sourcecode.c.objc; path = "UIImage+HO.m"; sourceTree = "<group>"; };
		1C891E971C26744100B83D24 /* IWTabBar.h */ = {isa = PBXFileReference; fileEncoding = 4; lastKnownFileType = sourcecode.c.h; path = IWTabBar.h; sourceTree = "<group>"; };
		1C891E981C26744100B83D24 /* IWTabBar.m */ = {isa = PBXFileReference; fileEncoding = 4; lastKnownFileType = sourcecode.c.objc; path = IWTabBar.m; sourceTree = "<group>"; };
		1CA293F11C26F72500C8525A /* IWOAuthController.h */ = {isa = PBXFileReference; fileEncoding = 4; lastKnownFileType = sourcecode.c.h; path = IWOAuthController.h; sourceTree = "<group>"; };
		1CA293F21C26F72500C8525A /* IWOAuthController.m */ = {isa = PBXFileReference; fileEncoding = 4; lastKnownFileType = sourcecode.c.objc; path = IWOAuthController.m; sourceTree = "<group>"; };
/* End PBXFileReference section */

/* Begin PBXFrameworksBuildPhase section */
		1C891E371C264C2200B83D24 /* Frameworks */ = {
			isa = PBXFrameworksBuildPhase;
			buildActionMask = 2147483647;
			files = (
			);
			runOnlyForDeploymentPostprocessing = 0;
		};
/* End PBXFrameworksBuildPhase section */

/* Begin PBXGroup section */
		1C891E311C264C2200B83D24 = {
			isa = PBXGroup;
			children = (
				1C891E3C1C264C2300B83D24 /* weibo_1 */,
				1C891E3B1C264C2300B83D24 /* Products */,
			);
			sourceTree = "<group>";
		};
		1C891E3B1C264C2300B83D24 /* Products */ = {
			isa = PBXGroup;
			children = (
				1C891E3A1C264C2300B83D24 /* weibo_1.app */,
			);
			name = Products;
			sourceTree = "<group>";
		};
		1C891E3C1C264C2300B83D24 /* weibo_1 */ = {
			isa = PBXGroup;
			children = (
				1C891E691C265CC000B83D24 /* class */,
				1C891E3D1C264C2300B83D24 /* Supporting Files */,
			);
			path = weibo_1;
			sourceTree = "<group>";
		};
		1C891E3D1C264C2300B83D24 /* Supporting Files */ = {
			isa = PBXGroup;
			children = (
				1C891E491C264C2300B83D24 /* Assets.xcassets */,
				1C891E4B1C264C2300B83D24 /* LaunchScreen.storyboard */,
				1C891E4E1C264C2300B83D24 /* Info.plist */,
				1C891E3E1C264C2300B83D24 /* main.m */,
			);
			name = "Supporting Files";
			sourceTree = "<group>";
		};
		1C891E691C265CC000B83D24 /* class */ = {
			isa = PBXGroup;
			children = (
				1C891E6A1C265CC000B83D24 /* Discover */,
				1C891E701C265CC000B83D24 /* Home */,
				1C891E761C265CC000B83D24 /* Main */,
				1C891E7C1C265CC000B83D24 /* Me */,
				1C891E821C265CC000B83D24 /* Message */,
				1C891E881C265CC000B83D24 /* Other */,
			);
			path = class;
			sourceTree = "<group>";
		};
		1C891E6A1C265CC000B83D24 /* Discover */ = {
			isa = PBXGroup;
			children = (
				1C891E6B1C265CC000B83D24 /* Controller */,
				1C891E6E1C265CC000B83D24 /* Model */,
				1C891E6F1C265CC000B83D24 /* View */,
			);
			path = Discover;
			sourceTree = "<group>";
		};
		1C891E6B1C265CC000B83D24 /* Controller */ = {
			isa = PBXGroup;
			children = (
				1C891E6C1C265CC000B83D24 /* IWDiscoverViewController.h */,
				1C891E6D1C265CC000B83D24 /* IWDiscoverViewController.m */,
			);
			path = Controller;
			sourceTree = "<group>";
		};
		1C891E6E1C265CC000B83D24 /* Model */ = {
			isa = PBXGroup;
			children = (
			);
			path = Model;
			sourceTree = "<group>";
		};
		1C891E6F1C265CC000B83D24 /* View */ = {
			isa = PBXGroup;
			children = (
			);
			path = View;
			sourceTree = "<group>";
		};
		1C891E701C265CC000B83D24 /* Home */ = {
			isa = PBXGroup;
			children = (
				1C891E711C265CC000B83D24 /* Controller */,
				1C891E741C265CC000B83D24 /* Model */,
				1C891E751C265CC000B83D24 /* View */,
			);
			path = Home;
			sourceTree = "<group>";
		};
		1C891E711C265CC000B83D24 /* Controller */ = {
			isa = PBXGroup;
			children = (
				1C891E721C265CC000B83D24 /* IWHomeViewController.h */,
				1C891E731C265CC000B83D24 /* IWHomeViewController.m */,
			);
			path = Controller;
			sourceTree = "<group>";
		};
		1C891E741C265CC000B83D24 /* Model */ = {
			isa = PBXGroup;
			children = (
			);
			path = Model;
			sourceTree = "<group>";
		};
		1C891E751C265CC000B83D24 /* View */ = {
			isa = PBXGroup;
			children = (
			);
			path = View;
			sourceTree = "<group>";
		};
		1C891E761C265CC000B83D24 /* Main */ = {
			isa = PBXGroup;
			children = (
				1C891E771C265CC000B83D24 /* Controller */,
				1C891E7A1C265CC000B83D24 /* Model */,
				1C891E7B1C265CC000B83D24 /* View */,
			);
			path = Main;
			sourceTree = "<group>";
		};
		1C891E771C265CC000B83D24 /* Controller */ = {
			isa = PBXGroup;
			children = (
				1C891E781C265CC000B83D24 /* IWTabBarViewController.h */,
				1C891E791C265CC000B83D24 /* IWTabBarViewController.m */,
				1CA293F11C26F72500C8525A /* IWOAuthController.h */,
				1CA293F21C26F72500C8525A /* IWOAuthController.m */,
			);
			path = Controller;
			sourceTree = "<group>";
		};
		1C891E7A1C265CC000B83D24 /* Model */ = {
			isa = PBXGroup;
			children = (
			);
			path = Model;
			sourceTree = "<group>";
		};
		1C891E7B1C265CC000B83D24 /* View */ = {
			isa = PBXGroup;
			children = (
				1C891E971C26744100B83D24 /* IWTabBar.h */,
				1C891E981C26744100B83D24 /* IWTabBar.m */,
			);
			path = View;
			sourceTree = "<group>";
		};
		1C891E7C1C265CC000B83D24 /* Me */ = {
			isa = PBXGroup;
			children = (
				1C891E7D1C265CC000B83D24 /* Controller */,
				1C891E801C265CC000B83D24 /* Model */,
				1C891E811C265CC000B83D24 /* View */,
			);
			path = Me;
			sourceTree = "<group>";
		};
		1C891E7D1C265CC000B83D24 /* Controller */ = {
			isa = PBXGroup;
			children = (
				1C891E7E1C265CC000B83D24 /* IWMeViewController.h */,
				1C891E7F1C265CC000B83D24 /* IWMeViewController.m */,
			);
			path = Controller;
			sourceTree = "<group>";
		};
		1C891E801C265CC000B83D24 /* Model */ = {
			isa = PBXGroup;
			children = (
			);
			path = Model;
			sourceTree = "<group>";
		};
		1C891E811C265CC000B83D24 /* View */ = {
			isa = PBXGroup;
			children = (
			);
			path = View;
			sourceTree = "<group>";
		};
		1C891E821C265CC000B83D24 /* Message */ = {
			isa = PBXGroup;
			children = (
				1C891E831C265CC000B83D24 /* Controller */,
				1C891E861C265CC000B83D24 /* Model */,
				1C891E871C265CC000B83D24 /* View */,
			);
			path = Message;
			sourceTree = "<group>";
		};
		1C891E831C265CC000B83D24 /* Controller */ = {
			isa = PBXGroup;
			children = (
				1C891E841C265CC000B83D24 /* IWMessageViewController.h */,
				1C891E851C265CC000B83D24 /* IWMessageViewController.m */,
			);
			path = Controller;
			sourceTree = "<group>";
		};
		1C891E861C265CC000B83D24 /* Model */ = {
			isa = PBXGroup;
			children = (
			);
			path = Model;
			sourceTree = "<group>";
		};
		1C891E871C265CC000B83D24 /* View */ = {
			isa = PBXGroup;
			children = (
			);
			path = View;
			sourceTree = "<group>";
		};
		1C891E881C265CC000B83D24 /* Other */ = {
			isa = PBXGroup;
			children = (
				1C891E931C2668A200B83D24 /* Category */,
				1C891E891C265CC000B83D24 /* AppDelegate.h */,
				1C891E8A1C265CC000B83D24 /* AppDelegate.m */,
				1C891E921C26605900B83D24 /* iOSSample-Prefix.pch */,
			);
			path = Other;
			sourceTree = "<group>";
		};
		1C891E931C2668A200B83D24 /* Category */ = {
			isa = PBXGroup;
			children = (
				1C891E941C26694F00B83D24 /* UIImage+HO.h */,
				1C891E951C26694F00B83D24 /* UIImage+HO.m */,
			);
			path = Category;
			sourceTree = "<group>";
		};
/* End PBXGroup section */

/* Begin PBXNativeTarget section */
		1C891E391C264C2200B83D24 /* weibo_1 */ = {
			isa = PBXNativeTarget;
			buildConfigurationList = 1C891E511C264C2300B83D24 /* Build configuration list for PBXNativeTarget "weibo_1" */;
			buildPhases = (
				1C891E361C264C2200B83D24 /* Sources */,
				1C891E371C264C2200B83D24 /* Frameworks */,
				1C891E381C264C2200B83D24 /* Resources */,
			);
			buildRules = (
			);
			dependencies = (
			);
			name = weibo_1;
			productName = weibo_1;
			productReference = 1C891E3A1C264C2300B83D24 /* weibo_1.app */;
			productType = "com.apple.product-type.application";
		};
/* End PBXNativeTarget section */

/* Begin PBXProject section */
		1C891E321C264C2200B83D24 /* Project object */ = {
			isa = PBXProject;
			attributes = {
				CLASSPREFIX = IW;
				LastUpgradeCheck = 0710;
				ORGANIZATIONNAME = xiexz;
				TargetAttributes = {
					1C891E391C264C2200B83D24 = {
						CreatedOnToolsVersion = 7.1.1;
					};
				};
			};
			buildConfigurationList = 1C891E351C264C2200B83D24 /* Build configuration list for PBXProject "weibo_1" */;
			compatibilityVersion = "Xcode 3.2";
			developmentRegion = English;
			hasScannedForEncodings = 0;
			knownRegions = (
				en,
				Base,
			);
			mainGroup = 1C891E311C264C2200B83D24;
			productRefGroup = 1C891E3B1C264C2300B83D24 /* Products */;
			projectDirPath = "";
			projectRoot = "";
			targets = (
				1C891E391C264C2200B83D24 /* weibo_1 */,
			);
		};
/* End PBXProject section */

/* Begin PBXResourcesBuildPhase section */
		1C891E381C264C2200B83D24 /* Resources */ = {
			isa = PBXResourcesBuildPhase;
			buildActionMask = 2147483647;
			files = (
				1C891E4D1C264C2300B83D24 /* LaunchScreen.storyboard in Resources */,
				1C891E4A1C264C2300B83D24 /* Assets.xcassets in Resources */,
			);
			runOnlyForDeploymentPostprocessing = 0;
		};
/* End PBXResourcesBuildPhase section */

/* Begin PBXSourcesBuildPhase section */
		1C891E361C264C2200B83D24 /* Sources */ = {
			isa = PBXSourcesBuildPhase;
			buildActionMask = 2147483647;
			files = (
				1C891E991C26744100B83D24 /* IWTabBar.m in Sources */,
				1CA293F31C26F72500C8525A /* IWOAuthController.m in Sources */,
				1C891E8E1C265CC000B83D24 /* IWMeViewController.m in Sources */,
				1C891E8D1C265CC000B83D24 /* IWTabBarViewController.m in Sources */,
				1C891E961C26694F00B83D24 /* UIImage+HO.m in Sources */,
				1C891E8C1C265CC000B83D24 /* IWHomeViewController.m in Sources */,
				1C891E901C265CC000B83D24 /* AppDelegate.m in Sources */,
				1C891E8F1C265CC000B83D24 /* IWMessageViewController.m in Sources */,
				1C891E3F1C264C2300B83D24 /* main.m in Sources */,
				1C891E8B1C265CC000B83D24 /* IWDiscoverViewController.m in Sources */,
			);
			runOnlyForDeploymentPostprocessing = 0;
		};
/* End PBXSourcesBuildPhase section */

/* Begin PBXVariantGroup section */
		1C891E4B1C264C2300B83D24 /* LaunchScreen.storyboard */ = {
			isa = PBXVariantGroup;
			children = (
				1C891E4C1C264C2300B83D24 /* Base */,
			);
			name = LaunchScreen.storyboard;
			sourceTree = "<group>";
		};
/* End PBXVariantGroup section */

/* Begin XCBuildConfiguration section */
		1C891E4F1C264C2300B83D24 /* Debug */ = {
			isa = XCBuildConfiguration;
			buildSettings = {
				ALWAYS_SEARCH_USER_PATHS = NO;
				CLANG_CXX_LANGUAGE_STANDARD = "gnu++0x";
				CLANG_CXX_LIBRARY = "libc++";
				CLANG_ENABLE_MODULES = YES;
				CLANG_ENABLE_OBJC_ARC = YES;
				CLANG_WARN_BOOL_CONVERSION = YES;
				CLANG_WARN_CONSTANT_CONVERSION = YES;
				CLANG_WARN_DIRECT_OBJC_ISA_USAGE = YES_ERROR;
				CLANG_WARN_EMPTY_BODY = YES;
				CLANG_WARN_ENUM_CONVERSION = YES;
				CLANG_WARN_INT_CONVERSION = YES;
				CLANG_WARN_OBJC_ROOT_CLASS = YES_ERROR;
				CLANG_WARN_UNREACHABLE_CODE = YES;
				CLANG_WARN__DUPLICATE_METHOD_MATCH = YES;
				"CODE_SIGN_IDENTITY[sdk=iphoneos*]" = "iPhone Developer";
				COPY_PHASE_STRIP = NO;
				DEBUG_INFORMATION_FORMAT = dwarf;
				ENABLE_STRICT_OBJC_MSGSEND = YES;
				ENABLE_TESTABILITY = YES;
				GCC_C_LANGUAGE_STANDARD = gnu99;
				GCC_DYNAMIC_NO_PIC = NO;
				GCC_NO_COMMON_BLOCKS = YES;
				GCC_OPTIMIZATION_LEVEL = 0;
				GCC_PREPROCESSOR_DEFINITIONS = (
					"DEBUG=1",
					"$(inherited)",
				);
				GCC_WARN_64_TO_32_BIT_CONVERSION = YES;
				GCC_WARN_ABOUT_RETURN_TYPE = YES_ERROR;
				GCC_WARN_UNDECLARED_SELECTOR = YES;
				GCC_WARN_UNINITIALIZED_AUTOS = YES_AGGRESSIVE;
				GCC_WARN_UNUSED_FUNCTION = YES;
				GCC_WARN_UNUSED_VARIABLE = YES;
				IPHONEOS_DEPLOYMENT_TARGET = 9.1;
				MTL_ENABLE_DEBUG_INFO = YES;
				ONLY_ACTIVE_ARCH = YES;
				SDKROOT = iphoneos;
			};
			name = Debug;
		};
		1C891E501C264C2300B83D24 /* Release */ = {
			isa = XCBuildConfiguration;
			buildSettings = {
				ALWAYS_SEARCH_USER_PATHS = NO;
				CLANG_CXX_LANGUAGE_STANDARD = "gnu++0x";
				CLANG_CXX_LIBRARY = "libc++";
				CLANG_ENABLE_MODULES = YES;
				CLANG_ENABLE_OBJC_ARC = YES;
				CLANG_WARN_BOOL_CONVERSION = YES;
				CLANG_WARN_CONSTANT_CONVERSION = YES;
				CLANG_WARN_DIRECT_OBJC_ISA_USAGE = YES_ERROR;
				CLANG_WARN_EMPTY_BODY = YES;
				CLANG_WARN_ENUM_CONVERSION = YES;
				CLANG_WARN_INT_CONVERSION = YES;
				CLANG_WARN_OBJC_ROOT_CLASS = YES_ERROR;
				CLANG_WARN_UNREACHABLE_CODE = YES;
				CLANG_WARN__DUPLICATE_METHOD_MATCH = YES;
				"CODE_SIGN_IDENTITY[sdk=iphoneos*]" = "iPhone Developer";
				COPY_PHASE_STRIP = NO;
				DEBUG_INFORMATION_FORMAT = "dwarf-with-dsym";
				ENABLE_NS_ASSERTIONS = NO;
				ENABLE_STRICT_OBJC_MSGSEND = YES;
				GCC_C_LANGUAGE_STANDARD = gnu99;
				GCC_NO_COMMON_BLOCKS = YES;
				GCC_WARN_64_TO_32_BIT_CONVERSION = YES;
				GCC_WARN_ABOUT_RETURN_TYPE = YES_ERROR;
				GCC_WARN_UNDECLARED_SELECTOR = YES;
				GCC_WARN_UNINITIALIZED_AUTOS = YES_AGGRESSIVE;
				GCC_WARN_UNUSED_FUNCTION = YES;
				GCC_WARN_UNUSED_VARIABLE = YES;
				IPHONEOS_DEPLOYMENT_TARGET = 9.1;
				MTL_ENABLE_DEBUG_INFO = NO;
				SDKROOT = iphoneos;
				VALIDATE_PRODUCT = YES;
			};
			name = Release;
		};
		1C891E521C264C2300B83D24 /* Debug */ = {
			isa = XCBuildConfiguration;
			buildSettings = {
				ASSETCATALOG_COMPILER_APPICON_NAME = AppIcon;
				CODE_SIGN_IDENTITY = "iPhone Developer";
				GCC_PRECOMPILE_PREFIX_HEADER = YES;
				GCC_PREFIX_HEADER = "/Users/xiexz/Documents/Switf/github/weibo_1/weibo_1/class/Other/iOSSample-Prefix.pch";
				INFOPLIST_FILE = weibo_1/Info.plist;
				LD_RUNPATH_SEARCH_PATHS = "$(inherited) @executable_path/Frameworks";
				PRODUCT_BUNDLE_IDENTIFIER = "xxz.weibo-1";
				PRODUCT_NAME = "$(TARGET_NAME)";
			};
			name = Debug;
		};
		1C891E531C264C2300B83D24 /* Release */ = {
			isa = XCBuildConfiguration;
			buildSettings = {
				ASSETCATALOG_COMPILER_APPICON_NAME = AppIcon;
				CODE_SIGN_IDENTITY = "iPhone Developer";
				GCC_PRECOMPILE_PREFIX_HEADER = YES;
				GCC_PREFIX_HEADER = "/Users/xiexz/Documents/Switf/github/weibo_1/weibo_1/class/Other/iOSSample-Prefix.pch";
				INFOPLIST_FILE = weibo_1/Info.plist;
				LD_RUNPATH_SEARCH_PATHS = "$(inherited) @executable_path/Frameworks";
				PRODUCT_BUNDLE_IDENTIFIER = "xxz.weibo-1";
				PRODUCT_NAME = "$(TARGET_NAME)";
			};
			name = Release;
		};
/* End XCBuildConfiguration section */

/* Begin XCConfigurationList section */
		1C891E351C264C2200B83D24 /* Build configuration list for PBXProject "weibo_1" */ = {
			isa = XCConfigurationList;
			buildConfigurations = (
				1C891E4F1C264C2300B83D24 /* Debug */,
				1C891E501C264C2300B83D24 /* Release */,
			);
			defaultConfigurationIsVisible = 0;
			defaultConfigurationName = Release;
		};
		1C891E511C264C2300B83D24 /* Build configuration list for PBXNativeTarget "weibo_1" */ = {
			isa = XCConfigurationList;
			buildConfigurations = (
				1C891E521C264C2300B83D24 /* Debug */,
				1C891E531C264C2300B83D24 /* Release */,
			);
			defaultConfigurationIsVisible = 0;
			defaultConfigurationName = Release;
		};
/* End XCConfigurationList section */
	};
	rootObject = 1C891E321C264C2200B83D24 /* Project object */;
}
