// !$*UTF8*$!
{
	archiveVersion = 1;
	classes = {
	};
	objectVersion = 46;
	objects = {

/* Begin PBXBuildFile section */
		1C1335171C2C1E8900254DFB /* ILLoginViewController.m in Sources */ = {isa = PBXBuildFile; fileRef = 1C1335161C2C1E8900254DFB /* ILLoginViewController.m */; };
		1C13351B1C2C241A00254DFB /* UIImage+Tool.m in Sources */ = {isa = PBXBuildFile; fileRef = 1C13351A1C2C241A00254DFB /* UIImage+Tool.m */; };
		1C1335251C2C2F6200254DFB /* ILSetingTableViewController.m in Sources */ = {isa = PBXBuildFile; fileRef = 1C1335241C2C2F6200254DFB /* ILSetingTableViewController.m */; };
		1C1335281C2C3B8500254DFB /* ILSettingItem.m in Sources */ = {isa = PBXBuildFile; fileRef = 1C1335271C2C3B8500254DFB /* ILSettingItem.m */; };
		1C13352B1C2C44E800254DFB /* ILSettingGroup.m in Sources */ = {isa = PBXBuildFile; fileRef = 1C13352A1C2C44E800254DFB /* ILSettingGroup.m */; };
		1C13352E1C2C496E00254DFB /* ILSettingCell.m in Sources */ = {isa = PBXBuildFile; fileRef = 1C13352D1C2C496E00254DFB /* ILSettingCell.m */; };
		1C4567B31C2D88650021F941 /* ILSettingArrowItem.m in Sources */ = {isa = PBXBuildFile; fileRef = 1C4567B21C2D88650021F941 /* ILSettingArrowItem.m */; };
		1C52719C1C2ACBF300495B39 /* main.m in Sources */ = {isa = PBXBuildFile; fileRef = 1C52719B1C2ACBF300495B39 /* main.m */; };
		1C52719F1C2ACBF300495B39 /* AppDelegate.m in Sources */ = {isa = PBXBuildFile; fileRef = 1C52719E1C2ACBF300495B39 /* AppDelegate.m */; };
		1C5271A51C2ACBF300495B39 /* Main.storyboard in Resources */ = {isa = PBXBuildFile; fileRef = 1C5271A31C2ACBF300495B39 /* Main.storyboard */; };
		1C5271A71C2ACBF300495B39 /* Assets.xcassets in Resources */ = {isa = PBXBuildFile; fileRef = 1C5271A61C2ACBF300495B39 /* Assets.xcassets */; };
		1C5271AA1C2ACBF300495B39 /* LaunchScreen.storyboard in Resources */ = {isa = PBXBuildFile; fileRef = 1C5271A81C2ACBF300495B39 /* LaunchScreen.storyboard */; };
		1C5271C81C2AD05E00495B39 /* ILTabBarViewController.m in Sources */ = {isa = PBXBuildFile; fileRef = 1C5271C71C2AD05E00495B39 /* ILTabBarViewController.m */; };
		1C5271CB1C2AD27D00495B39 /* ILTabBar.m in Sources */ = {isa = PBXBuildFile; fileRef = 1C5271CA1C2AD27D00495B39 /* ILTabBar.m */; };
		1C5271CE1C2AD91F00495B39 /* ILTabBarButton.m in Sources */ = {isa = PBXBuildFile; fileRef = 1C5271CD1C2AD91F00495B39 /* ILTabBarButton.m */; };
		1C5271D11C2AE7AD00495B39 /* ILHallViewController.m in Sources */ = {isa = PBXBuildFile; fileRef = 1C5271D01C2AE7AD00495B39 /* ILHallViewController.m */; };
		1C5271D41C2AF05600495B39 /* ILNavigationController.m in Sources */ = {isa = PBXBuildFile; fileRef = 1C5271D31C2AF05600495B39 /* ILNavigationController.m */; };
		1C5271D71C2AF74100495B39 /* ILTitleButton.m in Sources */ = {isa = PBXBuildFile; fileRef = 1C5271D61C2AF74100495B39 /* ILTitleButton.m */; };
		1C704E571C2D9CB1005948F2 /* ILTestViewController.m in Sources */ = {isa = PBXBuildFile; fileRef = 1C704E551C2D9CB1005948F2 /* ILTestViewController.m */; };
		1C704E581C2D9CB1005948F2 /* ILTestViewController.xib in Resources */ = {isa = PBXBuildFile; fileRef = 1C704E561C2D9CB1005948F2 /* ILTestViewController.xib */; };
		1C7080271C2D8A2F00455714 /* ILSettingSwichItem.m in Sources */ = {isa = PBXBuildFile; fileRef = 1C7080261C2D8A2F00455714 /* ILSettingSwichItem.m */; };
		1C7AE88B1C2E252B00F016A7 /* MBProgressHUD+MJ.m in Sources */ = {isa = PBXBuildFile; fileRef = 1C7AE8871C2E252B00F016A7 /* MBProgressHUD+MJ.m */; };
		1C7AE88C1C2E252B00F016A7 /* MBProgressHUD.bundle in Resources */ = {isa = PBXBuildFile; fileRef = 1C7AE8881C2E252B00F016A7 /* MBProgressHUD.bundle */; };
		1C7AE88D1C2E252B00F016A7 /* MBProgressHUD.m in Sources */ = {isa = PBXBuildFile; fileRef = 1C7AE88A1C2E252B00F016A7 /* MBProgressHUD.m */; };
/* End PBXBuildFile section */

/* Begin PBXFileReference section */
		1C1335151C2C1E8900254DFB /* ILLoginViewController.h */ = {isa = PBXFileReference; fileEncoding = 4; lastKnownFileType = sourcecode.c.h; path = ILLoginViewController.h; sourceTree = "<group>"; };
		1C1335161C2C1E8900254DFB /* ILLoginViewController.m */ = {isa = PBXFileReference; fileEncoding = 4; lastKnownFileType = sourcecode.c.objc; path = ILLoginViewController.m; sourceTree = "<group>"; };
		1C1335191C2C241A00254DFB /* UIImage+Tool.h */ = {isa = PBXFileReference; fileEncoding = 4; lastKnownFileType = sourcecode.c.h; path = "UIImage+Tool.h"; sourceTree = "<group>"; };
		1C13351A1C2C241A00254DFB /* UIImage+Tool.m */ = {isa = PBXFileReference; fileEncoding = 4; lastKnownFileType = sourcecode.c.objc; path = "UIImage+Tool.m"; sourceTree = "<group>"; };
		1C1335231C2C2F6200254DFB /* ILSetingTableViewController.h */ = {isa = PBXFileReference; fileEncoding = 4; lastKnownFileType = sourcecode.c.h; path = ILSetingTableViewController.h; sourceTree = "<group>"; };
		1C1335241C2C2F6200254DFB /* ILSetingTableViewController.m */ = {isa = PBXFileReference; fileEncoding = 4; lastKnownFileType = sourcecode.c.objc; path = ILSetingTableViewController.m; sourceTree = "<group>"; };
		1C1335261C2C3B8500254DFB /* ILSettingItem.h */ = {isa = PBXFileReference; fileEncoding = 4; lastKnownFileType = sourcecode.c.h; path = ILSettingItem.h; sourceTree = "<group>"; };
		1C1335271C2C3B8500254DFB /* ILSettingItem.m */ = {isa = PBXFileReference; fileEncoding = 4; lastKnownFileType = sourcecode.c.objc; path = ILSettingItem.m; sourceTree = "<group>"; };
		1C1335291C2C44E800254DFB /* ILSettingGroup.h */ = {isa = PBXFileReference; fileEncoding = 4; lastKnownFileType = sourcecode.c.h; path = ILSettingGroup.h; sourceTree = "<group>"; };
		1C13352A1C2C44E800254DFB /* ILSettingGroup.m */ = {isa = PBXFileReference; fileEncoding = 4; lastKnownFileType = sourcecode.c.objc; path = ILSettingGroup.m; sourceTree = "<group>"; };
		1C13352C1C2C496E00254DFB /* ILSettingCell.h */ = {isa = PBXFileReference; fileEncoding = 4; lastKnownFileType = sourcecode.c.h; path = ILSettingCell.h; sourceTree = "<group>"; };
		1C13352D1C2C496E00254DFB /* ILSettingCell.m */ = {isa = PBXFileReference; fileEncoding = 4; lastKnownFileType = sourcecode.c.objc; path = ILSettingCell.m; sourceTree = "<group>"; };
		1C4567B11C2D88650021F941 /* ILSettingArrowItem.h */ = {isa = PBXFileReference; fileEncoding = 4; lastKnownFileType = sourcecode.c.h; path = ILSettingArrowItem.h; sourceTree = "<group>"; };
		1C4567B21C2D88650021F941 /* ILSettingArrowItem.m */ = {isa = PBXFileReference; fileEncoding = 4; lastKnownFileType = sourcecode.c.objc; path = ILSettingArrowItem.m; sourceTree = "<group>"; };
		1C5271971C2ACBF300495B39 /* 彩票02.app */ = {isa = PBXFileReference; explicitFileType = wrapper.application; includeInIndex = 0; path = "彩票02.app"; sourceTree = BUILT_PRODUCTS_DIR; };
		1C52719B1C2ACBF300495B39 /* main.m */ = {isa = PBXFileReference; lastKnownFileType = sourcecode.c.objc; path = main.m; sourceTree = "<group>"; };
		1C52719D1C2ACBF300495B39 /* AppDelegate.h */ = {isa = PBXFileReference; lastKnownFileType = sourcecode.c.h; path = AppDelegate.h; sourceTree = "<group>"; };
		1C52719E1C2ACBF300495B39 /* AppDelegate.m */ = {isa = PBXFileReference; lastKnownFileType = sourcecode.c.objc; path = AppDelegate.m; sourceTree = "<group>"; };
		1C5271A41C2ACBF300495B39 /* Base */ = {isa = PBXFileReference; lastKnownFileType = file.storyboard; name = Base; path = Base.lproj/Main.storyboard; sourceTree = "<group>"; };
		1C5271A61C2ACBF300495B39 /* Assets.xcassets */ = {isa = PBXFileReference; lastKnownFileType = folder.assetcatalog; path = Assets.xcassets; sourceTree = "<group>"; };
		1C5271A91C2ACBF300495B39 /* Base */ = {isa = PBXFileReference; lastKnownFileType = file.storyboard; name = Base; path = Base.lproj/LaunchScreen.storyboard; sourceTree = "<group>"; };
		1C5271AB1C2ACBF300495B39 /* Info.plist */ = {isa = PBXFileReference; lastKnownFileType = text.plist.xml; path = Info.plist; sourceTree = "<group>"; };
		1C5271C61C2AD05E00495B39 /* ILTabBarViewController.h */ = {isa = PBXFileReference; fileEncoding = 4; lastKnownFileType = sourcecode.c.h; path = ILTabBarViewController.h; sourceTree = "<group>"; };
		1C5271C71C2AD05E00495B39 /* ILTabBarViewController.m */ = {isa = PBXFileReference; fileEncoding = 4; lastKnownFileType = sourcecode.c.objc; path = ILTabBarViewController.m; sourceTree = "<group>"; };
		1C5271C91C2AD27D00495B39 /* ILTabBar.h */ = {isa = PBXFileReference; fileEncoding = 4; lastKnownFileType = sourcecode.c.h; path = ILTabBar.h; sourceTree = "<group>"; };
		1C5271CA1C2AD27D00495B39 /* ILTabBar.m */ = {isa = PBXFileReference; fileEncoding = 4; lastKnownFileType = sourcecode.c.objc; path = ILTabBar.m; sourceTree = "<group>"; };
		1C5271CC1C2AD91F00495B39 /* ILTabBarButton.h */ = {isa = PBXFileReference; fileEncoding = 4; lastKnownFileType = sourcecode.c.h; path = ILTabBarButton.h; sourceTree = "<group>"; };
		1C5271CD1C2AD91F00495B39 /* ILTabBarButton.m */ = {isa = PBXFileReference; fileEncoding = 4; lastKnownFileType = sourcecode.c.objc; path = ILTabBarButton.m; sourceTree = "<group>"; };
		1C5271CF1C2AE7AD00495B39 /* ILHallViewController.h */ = {isa = PBXFileReference; fileEncoding = 4; lastKnownFileType = sourcecode.c.h; path = ILHallViewController.h; sourceTree = "<group>"; };
		1C5271D01C2AE7AD00495B39 /* ILHallViewController.m */ = {isa = PBXFileReference; fileEncoding = 4; lastKnownFileType = sourcecode.c.objc; path = ILHallViewController.m; sourceTree = "<group>"; };
		1C5271D21C2AF05600495B39 /* ILNavigationController.h */ = {isa = PBXFileReference; fileEncoding = 4; lastKnownFileType = sourcecode.c.h; path = ILNavigationController.h; sourceTree = "<group>"; };
		1C5271D31C2AF05600495B39 /* ILNavigationController.m */ = {isa = PBXFileReference; fileEncoding = 4; lastKnownFileType = sourcecode.c.objc; path = ILNavigationController.m; sourceTree = "<group>"; };
		1C5271D51C2AF74100495B39 /* ILTitleButton.h */ = {isa = PBXFileReference; fileEncoding = 4; lastKnownFileType = sourcecode.c.h; path = ILTitleButton.h; sourceTree = "<group>"; };
		1C5271D61C2AF74100495B39 /* ILTitleButton.m */ = {isa = PBXFileReference; fileEncoding = 4; lastKnownFileType = sourcecode.c.objc; path = ILTitleButton.m; sourceTree = "<group>"; };
		1C704E541C2D9CB1005948F2 /* ILTestViewController.h */ = {isa = PBXFileReference; fileEncoding = 4; lastKnownFileType = sourcecode.c.h; path = ILTestViewController.h; sourceTree = "<group>"; };
		1C704E551C2D9CB1005948F2 /* ILTestViewController.m */ = {isa = PBXFileReference; fileEncoding = 4; lastKnownFileType = sourcecode.c.objc; path = ILTestViewController.m; sourceTree = "<group>"; };
		1C704E561C2D9CB1005948F2 /* ILTestViewController.xib */ = {isa = PBXFileReference; fileEncoding = 4; lastKnownFileType = file.xib; path = ILTestViewController.xib; sourceTree = "<group>"; };
		1C7080251C2D8A2F00455714 /* ILSettingSwichItem.h */ = {isa = PBXFileReference; fileEncoding = 4; lastKnownFileType = sourcecode.c.h; path = ILSettingSwichItem.h; sourceTree = "<group>"; };
		1C7080261C2D8A2F00455714 /* ILSettingSwichItem.m */ = {isa = PBXFileReference; fileEncoding = 4; lastKnownFileType = sourcecode.c.objc; path = ILSettingSwichItem.m; sourceTree = "<group>"; };
		1C7AE8861C2E252B00F016A7 /* MBProgressHUD+MJ.h */ = {isa = PBXFileReference; fileEncoding = 4; lastKnownFileType = sourcecode.c.h; path = "MBProgressHUD+MJ.h"; sourceTree = "<group>"; };
		1C7AE8871C2E252B00F016A7 /* MBProgressHUD+MJ.m */ = {isa = PBXFileReference; fileEncoding = 4; lastKnownFileType = sourcecode.c.objc; path = "MBProgressHUD+MJ.m"; sourceTree = "<group>"; };
		1C7AE8881C2E252B00F016A7 /* MBProgressHUD.bundle */ = {isa = PBXFileReference; lastKnownFileType = "wrapper.plug-in"; path = MBProgressHUD.bundle; sourceTree = "<group>"; };
		1C7AE8891C2E252B00F016A7 /* MBProgressHUD.h */ = {isa = PBXFileReference; fileEncoding = 4; lastKnownFileType = sourcecode.c.h; path = MBProgressHUD.h; sourceTree = "<group>"; };
		1C7AE88A1C2E252B00F016A7 /* MBProgressHUD.m */ = {isa = PBXFileReference; fileEncoding = 4; lastKnownFileType = sourcecode.c.objc; path = MBProgressHUD.m; sourceTree = "<group>"; };
/* End PBXFileReference section */

/* Begin PBXFrameworksBuildPhase section */
		1C5271941C2ACBF300495B39 /* Frameworks */ = {
			isa = PBXFrameworksBuildPhase;
			buildActionMask = 2147483647;
			files = (
			);
			runOnlyForDeploymentPostprocessing = 0;
		};
/* End PBXFrameworksBuildPhase section */

/* Begin PBXGroup section */
		1C1335111C2C1E3900254DFB /* Mine */ = {
			isa = PBXGroup;
			children = (
				1C1335121C2C1E3900254DFB /* Controller */,
				1C1335131C2C1E3900254DFB /* Model */,
				1C1335141C2C1E3900254DFB /* View */,
			);
			name = Mine;
			path = Main/Mine;
			sourceTree = "<group>";
		};
		1C1335121C2C1E3900254DFB /* Controller */ = {
			isa = PBXGroup;
			children = (
				1C1335151C2C1E8900254DFB /* ILLoginViewController.h */,
				1C1335161C2C1E8900254DFB /* ILLoginViewController.m */,
			);
			path = Controller;
			sourceTree = "<group>";
		};
		1C1335131C2C1E3900254DFB /* Model */ = {
			isa = PBXGroup;
			children = (
			);
			path = Model;
			sourceTree = "<group>";
		};
		1C1335141C2C1E3900254DFB /* View */ = {
			isa = PBXGroup;
			children = (
			);
			path = View;
			sourceTree = "<group>";
		};
		1C1335181C2C23D700254DFB /* Category */ = {
			isa = PBXGroup;
			children = (
				1C1335191C2C241A00254DFB /* UIImage+Tool.h */,
				1C13351A1C2C241A00254DFB /* UIImage+Tool.m */,
			);
			path = Category;
			sourceTree = "<group>";
		};
		1C13351C1C2C262900254DFB /* Seting */ = {
			isa = PBXGroup;
			children = (
				1C13351D1C2C262900254DFB /* Controller */,
				1C13351E1C2C262900254DFB /* Model */,
				1C13351F1C2C262900254DFB /* View */,
			);
			path = Seting;
			sourceTree = "<group>";
		};
		1C13351D1C2C262900254DFB /* Controller */ = {
			isa = PBXGroup;
			children = (
				1C1335231C2C2F6200254DFB /* ILSetingTableViewController.h */,
				1C1335241C2C2F6200254DFB /* ILSetingTableViewController.m */,
				1C704E541C2D9CB1005948F2 /* ILTestViewController.h */,
				1C704E551C2D9CB1005948F2 /* ILTestViewController.m */,
				1C704E561C2D9CB1005948F2 /* ILTestViewController.xib */,
			);
			path = Controller;
			sourceTree = "<group>";
		};
		1C13351E1C2C262900254DFB /* Model */ = {
			isa = PBXGroup;
			children = (
				1C7080251C2D8A2F00455714 /* ILSettingSwichItem.h */,
				1C7080261C2D8A2F00455714 /* ILSettingSwichItem.m */,
				1C1335261C2C3B8500254DFB /* ILSettingItem.h */,
				1C1335271C2C3B8500254DFB /* ILSettingItem.m */,
				1C1335291C2C44E800254DFB /* ILSettingGroup.h */,
				1C13352A1C2C44E800254DFB /* ILSettingGroup.m */,
				1C4567B11C2D88650021F941 /* ILSettingArrowItem.h */,
				1C4567B21C2D88650021F941 /* ILSettingArrowItem.m */,
			);
			path = Model;
			sourceTree = "<group>";
		};
		1C13351F1C2C262900254DFB /* View */ = {
			isa = PBXGroup;
			children = (
				1C13352C1C2C496E00254DFB /* ILSettingCell.h */,
				1C13352D1C2C496E00254DFB /* ILSettingCell.m */,
			);
			path = View;
			sourceTree = "<group>";
		};
		1C52718E1C2ACBF300495B39 = {
			isa = PBXGroup;
			children = (
				1C5271991C2ACBF300495B39 /* 彩票02 */,
				1C5271981C2ACBF300495B39 /* Products */,
			);
			sourceTree = "<group>";
		};
		1C5271981C2ACBF300495B39 /* Products */ = {
			isa = PBXGroup;
			children = (
				1C5271971C2ACBF300495B39 /* 彩票02.app */,
			);
			name = Products;
			sourceTree = "<group>";
		};
		1C5271991C2ACBF300495B39 /* 彩票02 */ = {
			isa = PBXGroup;
			children = (
				1C5271B11C2ACEE800495B39 /* Class */,
				1C52719D1C2ACBF300495B39 /* AppDelegate.h */,
				1C52719E1C2ACBF300495B39 /* AppDelegate.m */,
				1C52719A1C2ACBF300495B39 /* Supporting Files */,
			);
			path = "彩票02";
			sourceTree = "<group>";
		};
		1C52719A1C2ACBF300495B39 /* Supporting Files */ = {
			isa = PBXGroup;
			children = (
				1C5271A31C2ACBF300495B39 /* Main.storyboard */,
				1C5271A61C2ACBF300495B39 /* Assets.xcassets */,
				1C5271A81C2ACBF300495B39 /* LaunchScreen.storyboard */,
				1C5271AB1C2ACBF300495B39 /* Info.plist */,
				1C52719B1C2ACBF300495B39 /* main.m */,
			);
			name = "Supporting Files";
			sourceTree = "<group>";
		};
		1C5271B11C2ACEE800495B39 /* Class */ = {
			isa = PBXGroup;
			children = (
				1C13351C1C2C262900254DFB /* Seting */,
				1C1335111C2C1E3900254DFB /* Mine */,
				1C5271B21C2ACEE800495B39 /* Buy */,
				1C5271B61C2ACEE800495B39 /* Hall */,
				1C5271BA1C2ACEE800495B39 /* Main */,
				1C5271C21C2ACEE800495B39 /* Other */,
			);
			path = Class;
			sourceTree = "<group>";
		};
		1C5271B21C2ACEE800495B39 /* Buy */ = {
			isa = PBXGroup;
			children = (
				1C5271B31C2ACEE800495B39 /* Controller */,
				1C5271B41C2ACEE800495B39 /* Model */,
				1C5271B51C2ACEE800495B39 /* View */,
			);
			path = Buy;
			sourceTree = "<group>";
		};
		1C5271B31C2ACEE800495B39 /* Controller */ = {
			isa = PBXGroup;
			children = (
			);
			path = Controller;
			sourceTree = "<group>";
		};
		1C5271B41C2ACEE800495B39 /* Model */ = {
			isa = PBXGroup;
			children = (
			);
			path = Model;
			sourceTree = "<group>";
		};
		1C5271B51C2ACEE800495B39 /* View */ = {
			isa = PBXGroup;
			children = (
				1C5271D51C2AF74100495B39 /* ILTitleButton.h */,
				1C5271D61C2AF74100495B39 /* ILTitleButton.m */,
			);
			path = View;
			sourceTree = "<group>";
		};
		1C5271B61C2ACEE800495B39 /* Hall */ = {
			isa = PBXGroup;
			children = (
				1C5271B71C2ACEE800495B39 /* Controller */,
				1C5271B81C2ACEE800495B39 /* Model */,
				1C5271B91C2ACEE800495B39 /* View */,
			);
			path = Hall;
			sourceTree = "<group>";
		};
		1C5271B71C2ACEE800495B39 /* Controller */ = {
			isa = PBXGroup;
			children = (
				1C5271CF1C2AE7AD00495B39 /* ILHallViewController.h */,
				1C5271D01C2AE7AD00495B39 /* ILHallViewController.m */,
			);
			path = Controller;
			sourceTree = "<group>";
		};
		1C5271B81C2ACEE800495B39 /* Model */ = {
			isa = PBXGroup;
			children = (
			);
			path = Model;
			sourceTree = "<group>";
		};
		1C5271B91C2ACEE800495B39 /* View */ = {
			isa = PBXGroup;
			children = (
			);
			path = View;
			sourceTree = "<group>";
		};
		1C5271BA1C2ACEE800495B39 /* Main */ = {
			isa = PBXGroup;
			children = (
				1C5271BB1C2ACEE800495B39 /* Controller */,
				1C5271C01C2ACEE800495B39 /* Model */,
				1C5271C11C2ACEE800495B39 /* View */,
			);
			path = Main;
			sourceTree = "<group>";
		};
		1C5271BB1C2ACEE800495B39 /* Controller */ = {
			isa = PBXGroup;
			children = (
				1C5271C61C2AD05E00495B39 /* ILTabBarViewController.h */,
				1C5271C71C2AD05E00495B39 /* ILTabBarViewController.m */,
				1C5271D21C2AF05600495B39 /* ILNavigationController.h */,
				1C5271D31C2AF05600495B39 /* ILNavigationController.m */,
			);
			path = Controller;
			sourceTree = "<group>";
		};
		1C5271C01C2ACEE800495B39 /* Model */ = {
			isa = PBXGroup;
			children = (
			);
			path = Model;
			sourceTree = "<group>";
		};
		1C5271C11C2ACEE800495B39 /* View */ = {
			isa = PBXGroup;
			children = (
				1C5271C91C2AD27D00495B39 /* ILTabBar.h */,
				1C5271CA1C2AD27D00495B39 /* ILTabBar.m */,
				1C5271CC1C2AD91F00495B39 /* ILTabBarButton.h */,
				1C5271CD1C2AD91F00495B39 /* ILTabBarButton.m */,
			);
			path = View;
			sourceTree = "<group>";
		};
		1C5271C21C2ACEE800495B39 /* Other */ = {
			isa = PBXGroup;
			children = (
				1C7AE8841C2E252B00F016A7 /* Lib */,
				1C1335181C2C23D700254DFB /* Category */,
				1C5271C31C2ACEE800495B39 /* Controller */,
				1C5271C41C2ACEE800495B39 /* Model */,
				1C5271C51C2ACEE800495B39 /* View */,
			);
			path = Other;
			sourceTree = "<group>";
		};
		1C5271C31C2ACEE800495B39 /* Controller */ = {
			isa = PBXGroup;
			children = (
			);
			path = Controller;
			sourceTree = "<group>";
		};
		1C5271C41C2ACEE800495B39 /* Model */ = {
			isa = PBXGroup;
			children = (
			);
			path = Model;
			sourceTree = "<group>";
		};
		1C5271C51C2ACEE800495B39 /* View */ = {
			isa = PBXGroup;
			children = (
			);
			path = View;
			sourceTree = "<group>";
		};
		1C7AE8841C2E252B00F016A7 /* Lib */ = {
			isa = PBXGroup;
			children = (
				1C7AE8851C2E252B00F016A7 /* MBProgressHUD */,
			);
			path = Lib;
			sourceTree = "<group>";
		};
		1C7AE8851C2E252B00F016A7 /* MBProgressHUD */ = {
			isa = PBXGroup;
			children = (
				1C7AE8861C2E252B00F016A7 /* MBProgressHUD+MJ.h */,
				1C7AE8871C2E252B00F016A7 /* MBProgressHUD+MJ.m */,
				1C7AE8881C2E252B00F016A7 /* MBProgressHUD.bundle */,
				1C7AE8891C2E252B00F016A7 /* MBProgressHUD.h */,
				1C7AE88A1C2E252B00F016A7 /* MBProgressHUD.m */,
			);
			path = MBProgressHUD;
			sourceTree = "<group>";
		};
/* End PBXGroup section */

/* Begin PBXNativeTarget section */
		1C5271961C2ACBF300495B39 /* 彩票02 */ = {
			isa = PBXNativeTarget;
			buildConfigurationList = 1C5271AE1C2ACBF300495B39 /* Build configuration list for PBXNativeTarget "彩票02" */;
			buildPhases = (
				1C5271931C2ACBF300495B39 /* Sources */,
				1C5271941C2ACBF300495B39 /* Frameworks */,
				1C5271951C2ACBF300495B39 /* Resources */,
			);
			buildRules = (
			);
			dependencies = (
			);
			name = "彩票02";
			productName = "彩票02";
			productReference = 1C5271971C2ACBF300495B39 /* 彩票02.app */;
			productType = "com.apple.product-type.application";
		};
/* End PBXNativeTarget section */

/* Begin PBXProject section */
		1C52718F1C2ACBF300495B39 /* Project object */ = {
			isa = PBXProject;
			attributes = {
				CLASSPREFIX = IL;
				LastUpgradeCheck = 0710;
				ORGANIZATIONNAME = xiexz;
				TargetAttributes = {
					1C5271961C2ACBF300495B39 = {
						CreatedOnToolsVersion = 7.1.1;
					};
				};
			};
			buildConfigurationList = 1C5271921C2ACBF300495B39 /* Build configuration list for PBXProject "彩票02" */;
			compatibilityVersion = "Xcode 3.2";
			developmentRegion = English;
			hasScannedForEncodings = 0;
			knownRegions = (
				en,
				Base,
			);
			mainGroup = 1C52718E1C2ACBF300495B39;
			productRefGroup = 1C5271981C2ACBF300495B39 /* Products */;
			projectDirPath = "";
			projectRoot = "";
			targets = (
				1C5271961C2ACBF300495B39 /* 彩票02 */,
			);
		};
/* End PBXProject section */

/* Begin PBXResourcesBuildPhase section */
		1C5271951C2ACBF300495B39 /* Resources */ = {
			isa = PBXResourcesBuildPhase;
			buildActionMask = 2147483647;
			files = (
				1C5271AA1C2ACBF300495B39 /* LaunchScreen.storyboard in Resources */,
				1C704E581C2D9CB1005948F2 /* ILTestViewController.xib in Resources */,
				1C7AE88C1C2E252B00F016A7 /* MBProgressHUD.bundle in Resources */,
				1C5271A71C2ACBF300495B39 /* Assets.xcassets in Resources */,
				1C5271A51C2ACBF300495B39 /* Main.storyboard in Resources */,
			);
			runOnlyForDeploymentPostprocessing = 0;
		};
/* End PBXResourcesBuildPhase section */

/* Begin PBXSourcesBuildPhase section */
		1C5271931C2ACBF300495B39 /* Sources */ = {
			isa = PBXSourcesBuildPhase;
			buildActionMask = 2147483647;
			files = (
				1C7AE88B1C2E252B00F016A7 /* MBProgressHUD+MJ.m in Sources */,
				1C1335281C2C3B8500254DFB /* ILSettingItem.m in Sources */,
				1C704E571C2D9CB1005948F2 /* ILTestViewController.m in Sources */,
				1C13352E1C2C496E00254DFB /* ILSettingCell.m in Sources */,
				1C5271D11C2AE7AD00495B39 /* ILHallViewController.m in Sources */,
				1C5271CE1C2AD91F00495B39 /* ILTabBarButton.m in Sources */,
				1C5271D41C2AF05600495B39 /* ILNavigationController.m in Sources */,
				1C7AE88D1C2E252B00F016A7 /* MBProgressHUD.m in Sources */,
				1C52719F1C2ACBF300495B39 /* AppDelegate.m in Sources */,
				1C13352B1C2C44E800254DFB /* ILSettingGroup.m in Sources */,
				1C52719C1C2ACBF300495B39 /* main.m in Sources */,
				1C5271D71C2AF74100495B39 /* ILTitleButton.m in Sources */,
				1C5271CB1C2AD27D00495B39 /* ILTabBar.m in Sources */,
				1C13351B1C2C241A00254DFB /* UIImage+Tool.m in Sources */,
				1C1335171C2C1E8900254DFB /* ILLoginViewController.m in Sources */,
				1C1335251C2C2F6200254DFB /* ILSetingTableViewController.m in Sources */,
				1C5271C81C2AD05E00495B39 /* ILTabBarViewController.m in Sources */,
				1C4567B31C2D88650021F941 /* ILSettingArrowItem.m in Sources */,
				1C7080271C2D8A2F00455714 /* ILSettingSwichItem.m in Sources */,
			);
			runOnlyForDeploymentPostprocessing = 0;
		};
/* End PBXSourcesBuildPhase section */

/* Begin PBXVariantGroup section */
		1C5271A31C2ACBF300495B39 /* Main.storyboard */ = {
			isa = PBXVariantGroup;
			children = (
				1C5271A41C2ACBF300495B39 /* Base */,
			);
			name = Main.storyboard;
			sourceTree = "<group>";
		};
		1C5271A81C2ACBF300495B39 /* LaunchScreen.storyboard */ = {
			isa = PBXVariantGroup;
			children = (
				1C5271A91C2ACBF300495B39 /* Base */,
			);
			name = LaunchScreen.storyboard;
			sourceTree = "<group>";
		};
/* End PBXVariantGroup section */

/* Begin XCBuildConfiguration section */
		1C5271AC1C2ACBF300495B39 /* Debug */ = {
			isa = XCBuildConfiguration;
			buildSettings = {
				ALWAYS_SEARCH_USER_PATHS = NO;
				CLANG_CXX_LANGUAGE_STANDARD = "gnu++0x";
				CLANG_CXX_LIBRARY = "libc++";
				CLANG_ENABLE_MODULES = YES;
				CLANG_ENABLE_OBJC_ARC = YES;
				CLANG_WARN_BOOL_CONVERSION = YES;
				CLANG_WARN_CONSTANT_CONVERSION = YES;
				CLANG_WARN_DIRECT_OBJC_ISA_USAGE = YES_ERROR;
				CLANG_WARN_EMPTY_BODY = YES;
				CLANG_WARN_ENUM_CONVERSION = YES;
				CLANG_WARN_INT_CONVERSION = YES;
				CLANG_WARN_OBJC_ROOT_CLASS = YES_ERROR;
				CLANG_WARN_UNREACHABLE_CODE = YES;
				CLANG_WARN__DUPLICATE_METHOD_MATCH = YES;
				"CODE_SIGN_IDENTITY[sdk=iphoneos*]" = "iPhone Developer";
				COPY_PHASE_STRIP = NO;
				DEBUG_INFORMATION_FORMAT = dwarf;
				ENABLE_STRICT_OBJC_MSGSEND = YES;
				ENABLE_TESTABILITY = YES;
				GCC_C_LANGUAGE_STANDARD = gnu99;
				GCC_DYNAMIC_NO_PIC = NO;
				GCC_NO_COMMON_BLOCKS = YES;
				GCC_OPTIMIZATION_LEVEL = 0;
				GCC_PREPROCESSOR_DEFINITIONS = (
					"DEBUG=1",
					"$(inherited)",
				);
				GCC_WARN_64_TO_32_BIT_CONVERSION = YES;
				GCC_WARN_ABOUT_RETURN_TYPE = YES_ERROR;
				GCC_WARN_UNDECLARED_SELECTOR = YES;
				GCC_WARN_UNINITIALIZED_AUTOS = YES_AGGRESSIVE;
				GCC_WARN_UNUSED_FUNCTION = YES;
				GCC_WARN_UNUSED_VARIABLE = YES;
				IPHONEOS_DEPLOYMENT_TARGET = 9.1;
				MTL_ENABLE_DEBUG_INFO = YES;
				ONLY_ACTIVE_ARCH = YES;
				SDKROOT = iphoneos;
			};
			name = Debug;
		};
		1C5271AD1C2ACBF300495B39 /* Release */ = {
			isa = XCBuildConfiguration;
			buildSettings = {
				ALWAYS_SEARCH_USER_PATHS = NO;
				CLANG_CXX_LANGUAGE_STANDARD = "gnu++0x";
				CLANG_CXX_LIBRARY = "libc++";
				CLANG_ENABLE_MODULES = YES;
				CLANG_ENABLE_OBJC_ARC = YES;
				CLANG_WARN_BOOL_CONVERSION = YES;
				CLANG_WARN_CONSTANT_CONVERSION = YES;
				CLANG_WARN_DIRECT_OBJC_ISA_USAGE = YES_ERROR;
				CLANG_WARN_EMPTY_BODY = YES;
				CLANG_WARN_ENUM_CONVERSION = YES;
				CLANG_WARN_INT_CONVERSION = YES;
				CLANG_WARN_OBJC_ROOT_CLASS = YES_ERROR;
				CLANG_WARN_UNREACHABLE_CODE = YES;
				CLANG_WARN__DUPLICATE_METHOD_MATCH = YES;
				"CODE_SIGN_IDENTITY[sdk=iphoneos*]" = "iPhone Developer";
				COPY_PHASE_STRIP = NO;
				DEBUG_INFORMATION_FORMAT = "dwarf-with-dsym";
				ENABLE_NS_ASSERTIONS = NO;
				ENABLE_STRICT_OBJC_MSGSEND = YES;
				GCC_C_LANGUAGE_STANDARD = gnu99;
				GCC_NO_COMMON_BLOCKS = YES;
				GCC_WARN_64_TO_32_BIT_CONVERSION = YES;
				GCC_WARN_ABOUT_RETURN_TYPE = YES_ERROR;
				GCC_WARN_UNDECLARED_SELECTOR = YES;
				GCC_WARN_UNINITIALIZED_AUTOS = YES_AGGRESSIVE;
				GCC_WARN_UNUSED_FUNCTION = YES;
				GCC_WARN_UNUSED_VARIABLE = YES;
				IPHONEOS_DEPLOYMENT_TARGET = 9.1;
				MTL_ENABLE_DEBUG_INFO = NO;
				SDKROOT = iphoneos;
				VALIDATE_PRODUCT = YES;
			};
			name = Release;
		};
		1C5271AF1C2ACBF300495B39 /* Debug */ = {
			isa = XCBuildConfiguration;
			buildSettings = {
				ASSETCATALOG_COMPILER_APPICON_NAME = AppIcon;
				CODE_SIGN_IDENTITY = "iPhone Developer";
				INFOPLIST_FILE = "彩票02/Info.plist";
				IPHONEOS_DEPLOYMENT_TARGET = 7.0;
				LD_RUNPATH_SEARCH_PATHS = "$(inherited) @executable_path/Frameworks";
				PRODUCT_BUNDLE_IDENTIFIER = "xxz.--02";
				PRODUCT_NAME = "$(TARGET_NAME)";
			};
			name = Debug;
		};
		1C5271B01C2ACBF300495B39 /* Release */ = {
			isa = XCBuildConfiguration;
			buildSettings = {
				ASSETCATALOG_COMPILER_APPICON_NAME = AppIcon;
				CODE_SIGN_IDENTITY = "iPhone Developer";
				INFOPLIST_FILE = "彩票02/Info.plist";
				IPHONEOS_DEPLOYMENT_TARGET = 7.0;
				LD_RUNPATH_SEARCH_PATHS = "$(inherited) @executable_path/Frameworks";
				PRODUCT_BUNDLE_IDENTIFIER = "xxz.--02";
				PRODUCT_NAME = "$(TARGET_NAME)";
			};
			name = Release;
		};
/* End XCBuildConfiguration section */

/* Begin XCConfigurationList section */
		1C5271921C2ACBF300495B39 /* Build configuration list for PBXProject "彩票02" */ = {
			isa = XCConfigurationList;
			buildConfigurations = (
				1C5271AC1C2ACBF300495B39 /* Debug */,
				1C5271AD1C2ACBF300495B39 /* Release */,
			);
			defaultConfigurationIsVisible = 0;
			defaultConfigurationName = Release;
		};
		1C5271AE1C2ACBF300495B39 /* Build configuration list for PBXNativeTarget "彩票02" */ = {
			isa = XCConfigurationList;
			buildConfigurations = (
				1C5271AF1C2ACBF300495B39 /* Debug */,
				1C5271B01C2ACBF300495B39 /* Release */,
			);
			defaultConfigurationIsVisible = 0;
			defaultConfigurationName = Release;
		};
/* End XCConfigurationList section */
	};
	rootObject = 1C52718F1C2ACBF300495B39 /* Project object */;
}
